// !$*UTF8*$!
{
	archiveVersion = 1;
	classes = {
	};
	objectVersion = 77;
	objects = {

/* Begin PBXBuildFile section */
		00DDD23F2D221BD50013FE57 /* FirebaseAnalytics in Frameworks */ = {isa = PBXBuildFile; productRef = 00DDD23E2D221BD50013FE57 /* FirebaseAnalytics */; };
		00DDD2422D2222690013FE57 /* FirebaseFirestore in Frameworks */ = {isa = PBXBuildFile; productRef = 00DDD2412D2222690013FE57 /* FirebaseFirestore */; };
		00DDD24A2D222FAC0013FE57 /* FirebaseAuth in Frameworks */ = {isa = PBXBuildFile; productRef = 00DDD2492D222FAC0013FE57 /* FirebaseAuth */; };
/* End PBXBuildFile section */

/* Begin PBXContainerItemProxy section */
		00DDD2192D220A780013FE57 /* PBXContainerItemProxy */ = {
			isa = PBXContainerItemProxy;
			containerPortal = 00DDD2002D220A760013FE57 /* Project object */;
			proxyType = 1;
			remoteGlobalIDString = 00DDD2072D220A760013FE57;
			remoteInfo = EventApp;
		};
		00DDD2232D220A780013FE57 /* PBXContainerItemProxy */ = {
			isa = PBXContainerItemProxy;
			containerPortal = 00DDD2002D220A760013FE57 /* Project object */;
			proxyType = 1;
			remoteGlobalIDString = 00DDD2072D220A760013FE57;
			remoteInfo = EventApp;
		};
/* End PBXContainerItemProxy section */

/* Begin PBXFileReference section */
		00DDD2082D220A760013FE57 /* EventApp.app */ = {isa = PBXFileReference; explicitFileType = wrapper.application; includeInIndex = 0; path = EventApp.app; sourceTree = BUILT_PRODUCTS_DIR; };
		00DDD2182D220A780013FE57 /* EventAppTests.xctest */ = {isa = PBXFileReference; explicitFileType = wrapper.cfbundle; includeInIndex = 0; path = EventAppTests.xctest; sourceTree = BUILT_PRODUCTS_DIR; };
		00DDD2222D220A780013FE57 /* EventAppUITests.xctest */ = {isa = PBXFileReference; explicitFileType = wrapper.cfbundle; includeInIndex = 0; path = EventAppUITests.xctest; sourceTree = BUILT_PRODUCTS_DIR; };
/* End PBXFileReference section */

/* Begin PBXFileSystemSynchronizedRootGroup section */
		00DDD20A2D220A760013FE57 /* EventApp */ = {
			isa = PBXFileSystemSynchronizedRootGroup;
			path = EventApp;
			sourceTree = "<group>";
		};
		00DDD21B2D220A780013FE57 /* EventAppTests */ = {
			isa = PBXFileSystemSynchronizedRootGroup;
			path = EventAppTests;
			sourceTree = "<group>";
		};
		00DDD2252D220A780013FE57 /* EventAppUITests */ = {
			isa = PBXFileSystemSynchronizedRootGroup;
			path = EventAppUITests;
			sourceTree = "<group>";
		};
/* End PBXFileSystemSynchronizedRootGroup section */

/* Begin PBXFrameworksBuildPhase section */
		00DDD2052D220A760013FE57 /* Frameworks */ = {
			isa = PBXFrameworksBuildPhase;
			buildActionMask = 2147483647;
			files = (
				00DDD23F2D221BD50013FE57 /* FirebaseAnalytics in Frameworks */,
				00DDD24A2D222FAC0013FE57 /* FirebaseAuth in Frameworks */,
				00DDD2422D2222690013FE57 /* FirebaseFirestore in Frameworks */,
			);
			runOnlyForDeploymentPostprocessing = 0;
		};
		00DDD2152D220A780013FE57 /* Frameworks */ = {
			isa = PBXFrameworksBuildPhase;
			buildActionMask = 2147483647;
			files = (
			);
			runOnlyForDeploymentPostprocessing = 0;
		};
		00DDD21F2D220A780013FE57 /* Frameworks */ = {
			isa = PBXFrameworksBuildPhase;
			buildActionMask = 2147483647;
			files = (
			);
			runOnlyForDeploymentPostprocessing = 0;
		};
/* End PBXFrameworksBuildPhase section */

/* Begin PBXGroup section */
		00DDD1FF2D220A760013FE57 = {
			isa = PBXGroup;
			children = (
				00DDD20A2D220A760013FE57 /* EventApp */,
				00DDD21B2D220A780013FE57 /* EventAppTests */,
				00DDD2252D220A780013FE57 /* EventAppUITests */,
				00DDD2402D2222690013FE57 /* Frameworks */,
				00DDD2092D220A760013FE57 /* Products */,
			);
			sourceTree = "<group>";
		};
		00DDD2092D220A760013FE57 /* Products */ = {
			isa = PBXGroup;
			children = (
				00DDD2082D220A760013FE57 /* EventApp.app */,
				00DDD2182D220A780013FE57 /* EventAppTests.xctest */,
				00DDD2222D220A780013FE57 /* EventAppUITests.xctest */,
			);
			name = Products;
			sourceTree = "<group>";
		};
		00DDD2402D2222690013FE57 /* Frameworks */ = {
			isa = PBXGroup;
			children = (
			);
			name = Frameworks;
			sourceTree = "<group>";
		};
/* End PBXGroup section */

/* Begin PBXNativeTarget section */
		00DDD2072D220A760013FE57 /* EventApp */ = {
			isa = PBXNativeTarget;
			buildConfigurationList = 00DDD22C2D220A780013FE57 /* Build configuration list for PBXNativeTarget "EventApp" */;
			buildPhases = (
				00DDD2042D220A760013FE57 /* Sources */,
				00DDD2052D220A760013FE57 /* Frameworks */,
				00DDD2062D220A760013FE57 /* Resources */,
			);
			buildRules = (
			);
			dependencies = (
			);
			fileSystemSynchronizedGroups = (
				00DDD20A2D220A760013FE57 /* EventApp */,
			);
			name = EventApp;
			packageProductDependencies = (
				00DDD23E2D221BD50013FE57 /* FirebaseAnalytics */,
				00DDD2412D2222690013FE57 /* FirebaseFirestore */,
				00DDD2492D222FAC0013FE57 /* FirebaseAuth */,
			);
			productName = EventApp;
			productReference = 00DDD2082D220A760013FE57 /* EventApp.app */;
			productType = "com.apple.product-type.application";
		};
		00DDD2172D220A780013FE57 /* EventAppTests */ = {
			isa = PBXNativeTarget;
			buildConfigurationList = 00DDD22F2D220A780013FE57 /* Build configuration list for PBXNativeTarget "EventAppTests" */;
			buildPhases = (
				00DDD2142D220A780013FE57 /* Sources */,
				00DDD2152D220A780013FE57 /* Frameworks */,
				00DDD2162D220A780013FE57 /* Resources */,
			);
			buildRules = (
			);
			dependencies = (
				00DDD21A2D220A780013FE57 /* PBXTargetDependency */,
			);
			fileSystemSynchronizedGroups = (
				00DDD21B2D220A780013FE57 /* EventAppTests */,
			);
			name = EventAppTests;
			packageProductDependencies = (
			);
			productName = EventAppTests;
			productReference = 00DDD2182D220A780013FE57 /* EventAppTests.xctest */;
			productType = "com.apple.product-type.bundle.unit-test";
		};
		00DDD2212D220A780013FE57 /* EventAppUITests */ = {
			isa = PBXNativeTarget;
			buildConfigurationList = 00DDD2322D220A780013FE57 /* Build configuration list for PBXNativeTarget "EventAppUITests" */;
			buildPhases = (
				00DDD21E2D220A780013FE57 /* Sources */,
				00DDD21F2D220A780013FE57 /* Frameworks */,
				00DDD2202D220A780013FE57 /* Resources */,
			);
			buildRules = (
			);
			dependencies = (
				00DDD2242D220A780013FE57 /* PBXTargetDependency */,
			);
			fileSystemSynchronizedGroups = (
				00DDD2252D220A780013FE57 /* EventAppUITests */,
			);
			name = EventAppUITests;
			packageProductDependencies = (
			);
			productName = EventAppUITests;
			productReference = 00DDD2222D220A780013FE57 /* EventAppUITests.xctest */;
			productType = "com.apple.product-type.bundle.ui-testing";
		};
/* End PBXNativeTarget section */

/* Begin PBXProject section */
		00DDD2002D220A760013FE57 /* Project object */ = {
			isa = PBXProject;
			attributes = {
				BuildIndependentTargetsInParallel = 1;
				LastSwiftUpdateCheck = 1620;
				LastUpgradeCheck = 1620;
				TargetAttributes = {
					00DDD2072D220A760013FE57 = {
						CreatedOnToolsVersion = 16.2;
					};
					00DDD2172D220A780013FE57 = {
						CreatedOnToolsVersion = 16.2;
						TestTargetID = 00DDD2072D220A760013FE57;
					};
					00DDD2212D220A780013FE57 = {
						CreatedOnToolsVersion = 16.2;
						TestTargetID = 00DDD2072D220A760013FE57;
					};
				};
			};
			buildConfigurationList = 00DDD2032D220A760013FE57 /* Build configuration list for PBXProject "EventApp" */;
			developmentRegion = en;
			hasScannedForEncodings = 0;
			knownRegions = (
				en,
				Base,
			);
			mainGroup = 00DDD1FF2D220A760013FE57;
			minimizedProjectReferenceProxies = 1;
			packageReferences = (
				00DDD23D2D221BD50013FE57 /* XCRemoteSwiftPackageReference "firebase-ios-sdk" */,
			);
			preferredProjectObjectVersion = 77;
			productRefGroup = 00DDD2092D220A760013FE57 /* Products */;
			projectDirPath = "";
			projectRoot = "";
			targets = (
				00DDD2072D220A760013FE57 /* EventApp */,
				00DDD2172D220A780013FE57 /* EventAppTests */,
				00DDD2212D220A780013FE57 /* EventAppUITests */,
			);
		};
/* End PBXProject section */

/* Begin PBXResourcesBuildPhase section */
		00DDD2062D220A760013FE57 /* Resources */ = {
			isa = PBXResourcesBuildPhase;
			buildActionMask = 2147483647;
			files = (
			);
			runOnlyForDeploymentPostprocessing = 0;
		};
		00DDD2162D220A780013FE57 /* Resources */ = {
			isa = PBXResourcesBuildPhase;
			buildActionMask = 2147483647;
			files = (
			);
			runOnlyForDeploymentPostprocessing = 0;
		};
		00DDD2202D220A780013FE57 /* Resources */ = {
			isa = PBXResourcesBuildPhase;
			buildActionMask = 2147483647;
			files = (
			);
			runOnlyForDeploymentPostprocessing = 0;
		};
/* End PBXResourcesBuildPhase section */

/* Begin PBXSourcesBuildPhase section */
		00DDD2042D220A760013FE57 /* Sources */ = {
			isa = PBXSourcesBuildPhase;
			buildActionMask = 2147483647;
			files = (
			);
			runOnlyForDeploymentPostprocessing = 0;
		};
		00DDD2142D220A780013FE57 /* Sources */ = {
			isa = PBXSourcesBuildPhase;
			buildActionMask = 2147483647;
			files = (
			);
			runOnlyForDeploymentPostprocessing = 0;
		};
		00DDD21E2D220A780013FE57 /* Sources */ = {
			isa = PBXSourcesBuildPhase;
			buildActionMask = 2147483647;
			files = (
			);
			runOnlyForDeploymentPostprocessing = 0;
		};
/* End PBXSourcesBuildPhase section */

/* Begin PBXTargetDependency section */
		00DDD21A2D220A780013FE57 /* PBXTargetDependency */ = {
			isa = PBXTargetDependency;
			target = 00DDD2072D220A760013FE57 /* EventApp */;
			targetProxy = 00DDD2192D220A780013FE57 /* PBXContainerItemProxy */;
		};
		00DDD2242D220A780013FE57 /* PBXTargetDependency */ = {
			isa = PBXTargetDependency;
			target = 00DDD2072D220A760013FE57 /* EventApp */;
			targetProxy = 00DDD2232D220A780013FE57 /* PBXContainerItemProxy */;
		};
/* End PBXTargetDependency section */

/* Begin XCBuildConfiguration section */
		00DDD22A2D220A780013FE57 /* Debug */ = {
			isa = XCBuildConfiguration;
			buildSettings = {
				ALWAYS_SEARCH_USER_PATHS = NO;
				ASSETCATALOG_COMPILER_GENERATE_SWIFT_ASSET_SYMBOL_EXTENSIONS = YES;
				CLANG_ANALYZER_NONNULL = YES;
				CLANG_ANALYZER_NUMBER_OBJECT_CONVERSION = YES_AGGRESSIVE;
				CLANG_CXX_LANGUAGE_STANDARD = "gnu++20";
				CLANG_ENABLE_MODULES = YES;
				CLANG_ENABLE_OBJC_ARC = YES;
				CLANG_ENABLE_OBJC_WEAK = YES;
				CLANG_WARN_BLOCK_CAPTURE_AUTORELEASING = YES;
				CLANG_WARN_BOOL_CONVERSION = YES;
				CLANG_WARN_COMMA = YES;
				CLANG_WARN_CONSTANT_CONVERSION = YES;
				CLANG_WARN_DEPRECATED_OBJC_IMPLEMENTATIONS = YES;
				CLANG_WARN_DIRECT_OBJC_ISA_USAGE = YES_ERROR;
				CLANG_WARN_DOCUMENTATION_COMMENTS = YES;
				CLANG_WARN_EMPTY_BODY = YES;
				CLANG_WARN_ENUM_CONVERSION = YES;
				CLANG_WARN_INFINITE_RECURSION = YES;
				CLANG_WARN_INT_CONVERSION = YES;
				CLANG_WARN_NON_LITERAL_NULL_CONVERSION = YES;
				CLANG_WARN_OBJC_IMPLICIT_RETAIN_SELF = YES;
				CLANG_WARN_OBJC_LITERAL_CONVERSION = YES;
				CLANG_WARN_OBJC_ROOT_CLASS = YES_ERROR;
				CLANG_WARN_QUOTED_INCLUDE_IN_FRAMEWORK_HEADER = YES;
				CLANG_WARN_RANGE_LOOP_ANALYSIS = YES;
				CLANG_WARN_STRICT_PROTOTYPES = YES;
				CLANG_WARN_SUSPICIOUS_MOVE = YES;
				CLANG_WARN_UNGUARDED_AVAILABILITY = YES_AGGRESSIVE;
				CLANG_WARN_UNREACHABLE_CODE = YES;
				CLANG_WARN__DUPLICATE_METHOD_MATCH = YES;
				COPY_PHASE_STRIP = NO;
				DEBUG_INFORMATION_FORMAT = dwarf;
				ENABLE_STRICT_OBJC_MSGSEND = YES;
				ENABLE_TESTABILITY = YES;
				ENABLE_USER_SCRIPT_SANDBOXING = YES;
				GCC_C_LANGUAGE_STANDARD = gnu17;
				GCC_DYNAMIC_NO_PIC = NO;
				GCC_NO_COMMON_BLOCKS = YES;
				GCC_OPTIMIZATION_LEVEL = 0;
				GCC_PREPROCESSOR_DEFINITIONS = (
					"DEBUG=1",
					"$(inherited)",
				);
				GCC_WARN_64_TO_32_BIT_CONVERSION = YES;
				GCC_WARN_ABOUT_RETURN_TYPE = YES_ERROR;
				GCC_WARN_UNDECLARED_SELECTOR = YES;
				GCC_WARN_UNINITIALIZED_AUTOS = YES_AGGRESSIVE;
				GCC_WARN_UNUSED_FUNCTION = YES;
				GCC_WARN_UNUSED_VARIABLE = YES;
				IPHONEOS_DEPLOYMENT_TARGET = 18.2;
				LOCALIZATION_PREFERS_STRING_CATALOGS = YES;
				MTL_ENABLE_DEBUG_INFO = INCLUDE_SOURCE;
				MTL_FAST_MATH = YES;
				ONLY_ACTIVE_ARCH = YES;
				SDKROOT = iphoneos;
				SWIFT_ACTIVE_COMPILATION_CONDITIONS = "DEBUG $(inherited)";
				SWIFT_OPTIMIZATION_LEVEL = "-Onone";
			};
			name = Debug;
		};
		00DDD22B2D220A780013FE57 /* Release */ = {
			isa = XCBuildConfiguration;
			buildSettings = {
				ALWAYS_SEARCH_USER_PATHS = NO;
				ASSETCATALOG_COMPILER_GENERATE_SWIFT_ASSET_SYMBOL_EXTENSIONS = YES;
				CLANG_ANALYZER_NONNULL = YES;
				CLANG_ANALYZER_NUMBER_OBJECT_CONVERSION = YES_AGGRESSIVE;
				CLANG_CXX_LANGUAGE_STANDARD = "gnu++20";
				CLANG_ENABLE_MODULES = YES;
				CLANG_ENABLE_OBJC_ARC = YES;
				CLANG_ENABLE_OBJC_WEAK = YES;
				CLANG_WARN_BLOCK_CAPTURE_AUTORELEASING = YES;
				CLANG_WARN_BOOL_CONVERSION = YES;
				CLANG_WARN_COMMA = YES;
				CLANG_WARN_CONSTANT_CONVERSION = YES;
				CLANG_WARN_DEPRECATED_OBJC_IMPLEMENTATIONS = YES;
				CLANG_WARN_DIRECT_OBJC_ISA_USAGE = YES_ERROR;
				CLANG_WARN_DOCUMENTATION_COMMENTS = YES;
				CLANG_WARN_EMPTY_BODY = YES;
				CLANG_WARN_ENUM_CONVERSION = YES;
				CLANG_WARN_INFINITE_RECURSION = YES;
				CLANG_WARN_INT_CONVERSION = YES;
				CLANG_WARN_NON_LITERAL_NULL_CONVERSION = YES;
				CLANG_WARN_OBJC_IMPLICIT_RETAIN_SELF = YES;
				CLANG_WARN_OBJC_LITERAL_CONVERSION = YES;
				CLANG_WARN_OBJC_ROOT_CLASS = YES_ERROR;
				CLANG_WARN_QUOTED_INCLUDE_IN_FRAMEWORK_HEADER = YES;
				CLANG_WARN_RANGE_LOOP_ANALYSIS = YES;
				CLANG_WARN_STRICT_PROTOTYPES = YES;
				CLANG_WARN_SUSPICIOUS_MOVE = YES;
				CLANG_WARN_UNGUARDED_AVAILABILITY = YES_AGGRESSIVE;
				CLANG_WARN_UNREACHABLE_CODE = YES;
				CLANG_WARN__DUPLICATE_METHOD_MATCH = YES;
				COPY_PHASE_STRIP = NO;
				DEBUG_INFORMATION_FORMAT = "dwarf-with-dsym";
				ENABLE_NS_ASSERTIONS = NO;
				ENABLE_STRICT_OBJC_MSGSEND = YES;
				ENABLE_USER_SCRIPT_SANDBOXING = YES;
				GCC_C_LANGUAGE_STANDARD = gnu17;
				GCC_NO_COMMON_BLOCKS = YES;
				GCC_WARN_64_TO_32_BIT_CONVERSION = YES;
				GCC_WARN_ABOUT_RETURN_TYPE = YES_ERROR;
				GCC_WARN_UNDECLARED_SELECTOR = YES;
				GCC_WARN_UNINITIALIZED_AUTOS = YES_AGGRESSIVE;
				GCC_WARN_UNUSED_FUNCTION = YES;
				GCC_WARN_UNUSED_VARIABLE = YES;
				IPHONEOS_DEPLOYMENT_TARGET = 18.2;
				LOCALIZATION_PREFERS_STRING_CATALOGS = YES;
				MTL_ENABLE_DEBUG_INFO = NO;
				MTL_FAST_MATH = YES;
				SDKROOT = iphoneos;
				SWIFT_COMPILATION_MODE = wholemodule;
				VALIDATE_PRODUCT = YES;
			};
			name = Release;
		};
		00DDD22D2D220A780013FE57 /* Debug */ = {
			isa = XCBuildConfiguration;
			buildSettings = {
				ASSETCATALOG_COMPILER_APPICON_NAME = AppIcon;
				ASSETCATALOG_COMPILER_GLOBAL_ACCENT_COLOR_NAME = AccentColor;
				CODE_SIGN_STYLE = Automatic;
				CURRENT_PROJECT_VERSION = 1;
				DEVELOPMENT_ASSET_PATHS = "\"EventApp/Preview Content\"";
				ENABLE_PREVIEWS = YES;
				GENERATE_INFOPLIST_FILE = YES;
				INFOPLIST_KEY_UIApplicationSceneManifest_Generation = YES;
				INFOPLIST_KEY_UIApplicationSupportsIndirectInputEvents = YES;
				INFOPLIST_KEY_UILaunchScreen_Generation = YES;
				INFOPLIST_KEY_UISupportedInterfaceOrientations_iPad = "UIInterfaceOrientationPortrait UIInterfaceOrientationPortraitUpsideDown UIInterfaceOrientationLandscapeLeft UIInterfaceOrientationLandscapeRight";
				INFOPLIST_KEY_UISupportedInterfaceOrientations_iPhone = "UIInterfaceOrientationPortrait UIInterfaceOrientationLandscapeLeft UIInterfaceOrientationLandscapeRight";
				LD_RUNPATH_SEARCH_PATHS = (
					"$(inherited)",
					"@executable_path/Frameworks",
				);
				MARKETING_VERSION = 1.0;
				PRODUCT_BUNDLE_IDENTIFIER = name.danielxu.EventApp;
				PRODUCT_NAME = "$(TARGET_NAME)";
				SWIFT_EMIT_LOC_STRINGS = YES;
				SWIFT_VERSION = 5.0;
				TARGETED_DEVICE_FAMILY = "1,2";
			};
			name = Debug;
		};
		00DDD22E2D220A780013FE57 /* Release */ = {
			isa = XCBuildConfiguration;
			buildSettings = {
				ASSETCATALOG_COMPILER_APPICON_NAME = AppIcon;
				ASSETCATALOG_COMPILER_GLOBAL_ACCENT_COLOR_NAME = AccentColor;
				CODE_SIGN_STYLE = Automatic;
				CURRENT_PROJECT_VERSION = 1;
				DEVELOPMENT_ASSET_PATHS = "\"EventApp/Preview Content\"";
				ENABLE_PREVIEWS = YES;
				GENERATE_INFOPLIST_FILE = YES;
				INFOPLIST_KEY_UIApplicationSceneManifest_Generation = YES;
				INFOPLIST_KEY_UIApplicationSupportsIndirectInputEvents = YES;
				INFOPLIST_KEY_UILaunchScreen_Generation = YES;
				INFOPLIST_KEY_UISupportedInterfaceOrientations_iPad = "UIInterfaceOrientationPortrait UIInterfaceOrientationPortraitUpsideDown UIInterfaceOrientationLandscapeLeft UIInterfaceOrientationLandscapeRight";
				INFOPLIST_KEY_UISupportedInterfaceOrientations_iPhone = "UIInterfaceOrientationPortrait UIInterfaceOrientationLandscapeLeft UIInterfaceOrientationLandscapeRight";
				LD_RUNPATH_SEARCH_PATHS = (
					"$(inherited)",
					"@executable_path/Frameworks",
				);
				MARKETING_VERSION = 1.0;
				PRODUCT_BUNDLE_IDENTIFIER = name.danielxu.EventApp;
				PRODUCT_NAME = "$(TARGET_NAME)";
				SWIFT_EMIT_LOC_STRINGS = YES;
				SWIFT_VERSION = 5.0;
				TARGETED_DEVICE_FAMILY = "1,2";
			};
			name = Release;
		};
		00DDD2302D220A780013FE57 /* Debug */ = {
			isa = XCBuildConfiguration;
			buildSettings = {
				BUNDLE_LOADER = "$(TEST_HOST)";
				CODE_SIGN_STYLE = Automatic;
				CURRENT_PROJECT_VERSION = 1;
				GENERATE_INFOPLIST_FILE = YES;
				IPHONEOS_DEPLOYMENT_TARGET = 18.2;
				MARKETING_VERSION = 1.0;
				PRODUCT_BUNDLE_IDENTIFIER = name.danielxu.EventAppTests;
				PRODUCT_NAME = "$(TARGET_NAME)";
				SWIFT_EMIT_LOC_STRINGS = NO;
				SWIFT_VERSION = 5.0;
				TARGETED_DEVICE_FAMILY = "1,2";
				TEST_HOST = "$(BUILT_PRODUCTS_DIR)/EventApp.app/$(BUNDLE_EXECUTABLE_FOLDER_PATH)/EventApp";
			};
			name = Debug;
		};
		00DDD2312D220A780013FE57 /* Release */ = {
			isa = XCBuildConfiguration;
			buildSettings = {
				BUNDLE_LOADER = "$(TEST_HOST)";
				CODE_SIGN_STYLE = Automatic;
				CURRENT_PROJECT_VERSION = 1;
				GENERATE_INFOPLIST_FILE = YES;
				IPHONEOS_DEPLOYMENT_TARGET = 18.2;
				MARKETING_VERSION = 1.0;
				PRODUCT_BUNDLE_IDENTIFIER = name.danielxu.EventAppTests;
				PRODUCT_NAME = "$(TARGET_NAME)";
				SWIFT_EMIT_LOC_STRINGS = NO;
				SWIFT_VERSION = 5.0;
				TARGETED_DEVICE_FAMILY = "1,2";
				TEST_HOST = "$(BUILT_PRODUCTS_DIR)/EventApp.app/$(BUNDLE_EXECUTABLE_FOLDER_PATH)/EventApp";
			};
			name = Release;
		};
		00DDD2332D220A780013FE57 /* Debug */ = {
			isa = XCBuildConfiguration;
			buildSettings = {
				CODE_SIGN_STYLE = Automatic;
				CURRENT_PROJECT_VERSION = 1;
				GENERATE_INFOPLIST_FILE = YES;
				MARKETING_VERSION = 1.0;
				PRODUCT_BUNDLE_IDENTIFIER = name.danielxu.EventAppUITests;
				PRODUCT_NAME = "$(TARGET_NAME)";
				SWIFT_EMIT_LOC_STRINGS = NO;
				SWIFT_VERSION = 5.0;
				TARGETED_DEVICE_FAMILY = "1,2";
				TEST_TARGET_NAME = EventApp;
			};
			name = Debug;
		};
		00DDD2342D220A780013FE57 /* Release */ = {
			isa = XCBuildConfiguration;
			buildSettings = {
				CODE_SIGN_STYLE = Automatic;
				CURRENT_PROJECT_VERSION = 1;
				GENERATE_INFOPLIST_FILE = YES;
				MARKETING_VERSION = 1.0;
				PRODUCT_BUNDLE_IDENTIFIER = name.danielxu.EventAppUITests;
				PRODUCT_NAME = "$(TARGET_NAME)";
				SWIFT_EMIT_LOC_STRINGS = NO;
				SWIFT_VERSION = 5.0;
				TARGETED_DEVICE_FAMILY = "1,2";
				TEST_TARGET_NAME = EventApp;
			};
			name = Release;
		};
/* End XCBuildConfiguration section */

/* Begin XCConfigurationList section */
		00DDD2032D220A760013FE57 /* Build configuration list for PBXProject "EventApp" */ = {
			isa = XCConfigurationList;
			buildConfigurations = (
				00DDD22A2D220A780013FE57 /* Debug */,
				00DDD22B2D220A780013FE57 /* Release */,
			);
			defaultConfigurationIsVisible = 0;
			defaultConfigurationName = Release;
		};
		00DDD22C2D220A780013FE57 /* Build configuration list for PBXNativeTarget "EventApp" */ = {
			isa = XCConfigurationList;
			buildConfigurations = (
				00DDD22D2D220A780013FE57 /* Debug */,
				00DDD22E2D220A780013FE57 /* Release */,
			);
			defaultConfigurationIsVisible = 0;
			defaultConfigurationName = Release;
		};
		00DDD22F2D220A780013FE57 /* Build configuration list for PBXNativeTarget "EventAppTests" */ = {
			isa = XCConfigurationList;
			buildConfigurations = (
				00DDD2302D220A780013FE57 /* Debug */,
				00DDD2312D220A780013FE57 /* Release */,
			);
			defaultConfigurationIsVisible = 0;
			defaultConfigurationName = Release;
		};
		00DDD2322D220A780013FE57 /* Build configuration list for PBXNativeTarget "EventAppUITests" */ = {
			isa = XCConfigurationList;
			buildConfigurations = (
				00DDD2332D220A780013FE57 /* Debug */,
				00DDD2342D220A780013FE57 /* Release */,
			);
			defaultConfigurationIsVisible = 0;
			defaultConfigurationName = Release;
		};
/* End XCConfigurationList section */

/* Begin XCRemoteSwiftPackageReference section */
		00DDD23D2D221BD50013FE57 /* XCRemoteSwiftPackageReference "firebase-ios-sdk" */ = {
			isa = XCRemoteSwiftPackageReference;
			repositoryURL = "https://github.com/firebase/firebase-ios-sdk";
			requirement = {
				kind = upToNextMajorVersion;
				minimumVersion = 11.6.0;
			};
		};
/* End XCRemoteSwiftPackageReference section */

/* Begin XCSwiftPackageProductDependency section */
		00DDD23E2D221BD50013FE57 /* FirebaseAnalytics */ = {
			isa = XCSwiftPackageProductDependency;
			package = 00DDD23D2D221BD50013FE57 /* XCRemoteSwiftPackageReference "firebase-ios-sdk" */;
			productName = FirebaseAnalytics;
		};
		00DDD2412D2222690013FE57 /* FirebaseFirestore */ = {
			isa = XCSwiftPackageProductDependency;
			package = 00DDD23D2D221BD50013FE57 /* XCRemoteSwiftPackageReference "firebase-ios-sdk" */;
			productName = FirebaseFirestore;
		};
		00DDD2492D222FAC0013FE57 /* FirebaseAuth */ = {
			isa = XCSwiftPackageProductDependency;
			package = 00DDD23D2D221BD50013FE57 /* XCRemoteSwiftPackageReference "firebase-ios-sdk" */;
			productName = FirebaseAuth;
		};
/* End XCSwiftPackageProductDependency section */
	};
	rootObject = 00DDD2002D220A760013FE57 /* Project object */;
}
